
Microsoft Visual Studio Solution File, Format Version 12.00
# Visual Studio Version 16
VisualStudioVersion = 16.0.29503.13
MinimumVisualStudioVersion = 10.0.40219.1
Project("{888888A0-9F3D-457C-B088-3A5042F75D52}") = "testtensor", "testtensor\testtensor.pyproj", "{00EB056D-20EC-4793-AF83-33A030EA2217}"
EndProject
Global
	GlobalSection(SolutionConfigurationPlatforms) = preSolution
		Debug|Any CPU = Debug|Any CPU
		Release|Any CPU = Release|Any CPU
	EndGlobalSection
	GlobalSection(ProjectConfigurationPlatforms) = postSolution
		{00EB056D-20EC-4793-AF83-33A030EA2217}.Debug|Any CPU.ActiveCfg = Debug|Any CPU
		{00EB056D-20EC-4793-AF83-33A030EA2217}.Release|Any CPU.ActiveCfg = Release|Any CPU
	EndGlobalSection
	GlobalSection(SolutionProperties) = preSolution
		HideSolutionNode = FALSE
	EndGlobalSection
	GlobalSection(ExtensibilityGlobals) = postSolution
		SolutionGuid = {73F87426-3757-4A89-A598-30ECDC2DD4F1}
	EndGlobalSection
EndGlobal
