
Microsoft Visual Studio Solution File, Format Version 12.00
# Visual Studio Version 16
VisualStudioVersion = 16.0.29503.13
MinimumVisualStudioVersion = 10.0.40219.1
Project("{888888A0-9F3D-457C-B088-3A5042F75D52}") = "tensorflow_project", "tensorflow_project\tensorflow_project.pyproj", "{432046E1-6A79-43A2-84C1-E4B9401ADA2B}"
EndProject
Global
	GlobalSection(SolutionConfigurationPlatforms) = preSolution
		Debug|Any CPU = Debug|Any CPU
		Release|Any CPU = Release|Any CPU
	EndGlobalSection
	GlobalSection(ProjectConfigurationPlatforms) = postSolution
		{432046E1-6A79-43A2-84C1-E4B9401ADA2B}.Debug|Any CPU.ActiveCfg = Debug|Any CPU
		{432046E1-6A79-43A2-84C1-E4B9401ADA2B}.Release|Any CPU.ActiveCfg = Release|Any CPU
	EndGlobalSection
	GlobalSection(SolutionProperties) = preSolution
		HideSolutionNode = FALSE
	EndGlobalSection
	GlobalSection(ExtensibilityGlobals) = postSolution
		SolutionGuid = {A1940C2A-BBFE-4489-AB68-97A665E8EFF4}
	EndGlobalSection
EndGlobal
